schema: '2.0'
stages:
  data_collection:
    cmd: python src/data/data_collection.py
    deps:
    - path: src/data/data_collection.py
      hash: md5
      md5: 2f7d1f86d4c264bca25c7b169b7bacae
      size: 3330
    params:
      params.yaml:
        data_collection.test_size: 0.2
    outs:
    - path: data/raw
      hash: md5
      md5: ba9975ed48447ccb893e09979abad223.dir
      size: 522262
      nfiles: 2
  data_preprocessing:
    cmd: python src/data/data_preprocessing.py
    deps:
    - path: data/raw
      hash: md5
      md5: ba9975ed48447ccb893e09979abad223.dir
      size: 522262
      nfiles: 2
    - path: src/data/data_preprocessing.py
      hash: md5
      md5: 730f069b5ad435516311fc83bac0de8b
      size: 3218
    outs:
    - path: data/processed
      hash: md5
      md5: f004f33431af807067e82045388d6382.dir
      size: 648997
      nfiles: 2
  model_building:
    cmd: python src/model/model_building.py
    deps:
    - path: data/processed
      hash: md5
      md5: f004f33431af807067e82045388d6382.dir
      size: 648997
      nfiles: 2
    - path: src/model/model_building.py
      hash: md5
      md5: 0b30dc71d448d159daaa5783353acd11
      size: 3256
    params:
      params.yaml:
        model_building.n_estimators: 100
    outs:
    - path: models/rf_model.pkl
      hash: md5
      md5: 0fd3f8fd1d73786a3856194a660635ee
      size: 7345428
  model_evaluation:
    cmd: python src/model/model_evaluation.py
    deps:
    - path: models/rf_model.pkl
      hash: md5
      md5: 0fd3f8fd1d73786a3856194a660635ee
      size: 7345428
    - path: src/model/model_evaluation.py
      hash: md5
      md5: ed9aae0daac9a096071bec73893a6474
      size: 4100
    outs:
    - path: results/result_metrics.json
      hash: md5
      md5: ec22baaea738764eebde315671d1f7cc
      size: 150
