schema: '2.0'
stages:
  data_collection:
    cmd: python src/data/data_collection.py
    deps:
    - path: src/data/data_collection.py
      hash: md5
      md5: 2f7d1f86d4c264bca25c7b169b7bacae
      size: 3330
    params:
      params.yaml:
        data_collection.test_size: 0.3
    outs:
    - path: data/raw
      hash: md5
      md5: e08a230af5afa7076745536d0116f31b.dir
      size: 522262
      nfiles: 2
  data_preprocessing:
    cmd: python src/data/data_preprocessing.py
    deps:
    - path: data/raw
      hash: md5
      md5: e08a230af5afa7076745536d0116f31b.dir
      size: 522262
      nfiles: 2
    - path: src/data/data_preprocessing.py
      hash: md5
      md5: 730f069b5ad435516311fc83bac0de8b
      size: 3218
    outs:
    - path: data/processed
      hash: md5
      md5: e1f13fea8ed6ff28fedcfdc943e7404c.dir
      size: 649570
      nfiles: 2
  model_building:
    cmd: python src/model/model_building.py
    deps:
    - path: data/processed
      hash: md5
      md5: e1f13fea8ed6ff28fedcfdc943e7404c.dir
      size: 649570
      nfiles: 2
    - path: src/model/model_building.py
      hash: md5
      md5: 0b30dc71d448d159daaa5783353acd11
      size: 3256
    params:
      params.yaml:
        model_building.n_estimators: 500
    outs:
    - path: models/rf_model.pkl
      hash: md5
      md5: bea1203c6160600eec3e2a1c686f7ced
      size: 32544777
  model_evaluation:
    cmd: python src/model/model_evaluation.py
    deps:
    - path: models/rf_model.pkl
      hash: md5
      md5: bea1203c6160600eec3e2a1c686f7ced
      size: 32544777
    - path: src/model/model_evaluation.py
      hash: md5
      md5: d3bdfd642e7be0c1699467e48bef5e2f
      size: 4884
    outs:
    - path: results/result_metrics.json
      hash: md5
      md5: 3d88687efdad46feb5711cb65c624a76
      size: 150
